
Microsoft Visual Studio Solution File, Format Version 12.00
# Visual Studio Version 16
VisualStudioVersion = 16.0.30503.244
MinimumVisualStudioVersion = 10.0.40219.1
Project("{8BC9CEB8-8B4A-11D0-8D11-00A0C91BC942}") = "binarySearch", "binarySearch\binarySearch.vcxproj", "{CD683B3C-BEE2-4B59-9610-328B68DE19A8}"
EndProject
Project("{8BC9CEB8-8B4A-11D0-8D11-00A0C91BC942}") = "permutation", "permutation\permutation.vcxproj", "{43BD6BB1-F61B-4C7E-B23B-F2D84CD21336}"
EndProject
Project("{8BC9CEB8-8B4A-11D0-8D11-00A0C91BC942}") = "hanoiTower", "hanoiTower\hanoiTower.vcxproj", "{B0C0BA5E-1963-4636-A533-28C7B896B29D}"
EndProject
Project("{8BC9CEB8-8B4A-11D0-8D11-00A0C91BC942}") = "selectionSort", "selectionSort\selectionSort.vcxproj", "{EB19F744-4C3F-4D8E-86CD-4600237CDE04}"
EndProject
Project("{8BC9CEB8-8B4A-11D0-8D11-00A0C91BC942}") = "pibonacchi", "pibonacchi\pibonacchi.vcxproj", "{DC1F31CC-6401-442A-9406-33D133882822}"
EndProject
Project("{8BC9CEB8-8B4A-11D0-8D11-00A0C91BC942}") = "matrix", "matrix\matrix.vcxproj", "{062281EE-5662-44C1-8B7A-E57A84119CBB}"
EndProject
Project("{8BC9CEB8-8B4A-11D0-8D11-00A0C91BC942}") = "day2", "day2\day2.vcxproj", "{906DA676-83C6-493E-948A-3C7AE4D32C2A}"
EndProject
Project("{8BC9CEB8-8B4A-11D0-8D11-00A0C91BC942}") = "day3", "day3\day3.vcxproj", "{5C999A89-23BA-4812-A4EA-102BF0E58F3D}"
EndProject
Project("{8BC9CEB8-8B4A-11D0-8D11-00A0C91BC942}") = "string", "string\string.vcxproj", "{225C6971-D726-429B-BD8A-54B8B6D2AC3F}"
EndProject
Project("{8BC9CEB8-8B4A-11D0-8D11-00A0C91BC942}") = "stack", "stack\stack.vcxproj", "{BF3E8687-75DE-425B-9C17-8E173361745B}"
EndProject
Project("{8BC9CEB8-8B4A-11D0-8D11-00A0C91BC942}") = "queue", "queue\queue.vcxproj", "{CF1E09DF-B521-42C9-ADFB-F005B88311FC}"
EndProject
Project("{8BC9CEB8-8B4A-11D0-8D11-00A0C91BC942}") = "day4", "day4\day4.vcxproj", "{82B646ED-BE59-4574-BFF6-BB08E97CBD02}"
EndProject
Project("{8BC9CEB8-8B4A-11D0-8D11-00A0C91BC942}") = "day5", "day5\day5.vcxproj", "{885D0178-D18F-46E8-9398-58EEEBEC42E2}"
EndProject
Project("{8BC9CEB8-8B4A-11D0-8D11-00A0C91BC942}") = "day6", "day6\day6.vcxproj", "{87792016-0A9D-42DB-AB73-1A007A4F24B1}"
EndProject
Project("{8BC9CEB8-8B4A-11D0-8D11-00A0C91BC942}") = "maze", "maze\maze.vcxproj", "{B72CB342-94AD-43D5-B9F7-D6BF92E39D23}"
EndProject
Project("{8BC9CEB8-8B4A-11D0-8D11-00A0C91BC942}") = "day7", "day7\day7.vcxproj", "{8A6E979A-3177-4124-826D-8B8CD3BD773C}"
EndProject
Project("{8BC9CEB8-8B4A-11D0-8D11-00A0C91BC942}") = "notationExpression", "notationExpression\notationExpression.vcxproj", "{6D608A5D-B734-48A9-9E00-71F7AB04CFF9}"
EndProject
Project("{8BC9CEB8-8B4A-11D0-8D11-00A0C91BC942}") = "sparseMatrix", "sparseMatrix\sparseMatrix.vcxproj", "{AF866FE3-C660-46D2-BA49-1671AA599343}"
EndProject
Project("{8BC9CEB8-8B4A-11D0-8D11-00A0C91BC942}") = "day8", "day8\day8.vcxproj", "{F014E131-3056-40FD-B426-FB805AD22D90}"
EndProject
Project("{8BC9CEB8-8B4A-11D0-8D11-00A0C91BC942}") = "day9", "day9\day9.vcxproj", "{2C3C2C74-3A5B-4AEE-B32C-BBBCD59AB036}"
EndProject
Project("{8BC9CEB8-8B4A-11D0-8D11-00A0C91BC942}") = "singleLinkedList", "singleLinkedList\singleLinkedList.vcxproj", "{EBC8002F-E53D-4097-B2C7-D0FC2A1F32A6}"
EndProject
Project("{8BC9CEB8-8B4A-11D0-8D11-00A0C91BC942}") = "linkedListStack", "linkedListStack\linkedListStack.vcxproj", "{4870FE36-412A-4A46-9EE8-E4E5DFA0779E}"
EndProject
Project("{8BC9CEB8-8B4A-11D0-8D11-00A0C91BC942}") = "linkedListQueue", "linkedListQueue\linkedListQueue.vcxproj", "{DD2945F9-5718-4826-994E-64D99FB3DF0F}"
EndProject
Project("{8BC9CEB8-8B4A-11D0-8D11-00A0C91BC942}") = "linkedListPolynomial", "linkedListPolynomial\linkedListPolynomial.vcxproj", "{9DDEE4BA-9C2C-4F30-97E6-A134C1BD307D}"
EndProject
Project("{8BC9CEB8-8B4A-11D0-8D11-00A0C91BC942}") = "polynomial", "polynomial\polynomial.vcxproj", "{EB37BCE3-68B0-45D8-A7AA-48A494CBCB5A}"
EndProject
Project("{8BC9CEB8-8B4A-11D0-8D11-00A0C91BC942}") = "doubleLinkedList", "doubleLinkedList\doubleLinkedList.vcxproj", "{C559E1DE-C1E6-4B95-989E-034E51C7E49A}"
EndProject
Project("{8BC9CEB8-8B4A-11D0-8D11-00A0C91BC942}") = "day10", "day10\day10.vcxproj", "{FBEE9AF3-59B5-473A-8CC2-AB5FFB5520F6}"
EndProject
Project("{8BC9CEB8-8B4A-11D0-8D11-00A0C91BC942}") = "day11", "day11\day11.vcxproj", "{A8572069-B100-4529-B183-CF6B08146F08}"
EndProject
Project("{8BC9CEB8-8B4A-11D0-8D11-00A0C91BC942}") = "day12", "day12\day12.vcxproj", "{B95B62EE-DF4C-4B98-9B35-3F10C58277F8}"
EndProject
Project("{8BC9CEB8-8B4A-11D0-8D11-00A0C91BC942}") = "linkedListSparseMatrix", "linkedListSparseMatrix\linkedListSparseMatrix.vcxproj", "{18BB7805-53B0-4D3B-BB23-6ED53B834594}"
EndProject
Project("{8BC9CEB8-8B4A-11D0-8D11-00A0C91BC942}") = "day13", "day13\day13.vcxproj", "{4AAC1C08-71EB-407F-956C-01F860F4FAAA}"
EndProject
Project("{8BC9CEB8-8B4A-11D0-8D11-00A0C91BC942}") = "FiniteDifferenceMethod", "FiniteDifferenceMethod\FiniteDifferenceMethod.vcxproj", "{DD8C6B6E-F791-4F81-88EE-361156FF4482}"
EndProject
Project("{8BC9CEB8-8B4A-11D0-8D11-00A0C91BC942}") = "day15", "day15\day15.vcxproj", "{9040983B-DAA3-4185-B80A-A29AC1F349C9}"
EndProject
Global
	GlobalSection(SolutionConfigurationPlatforms) = preSolution
		Debug|x64 = Debug|x64
		Debug|x86 = Debug|x86
		Release|x64 = Release|x64
		Release|x86 = Release|x86
	EndGlobalSection
	GlobalSection(ProjectConfigurationPlatforms) = postSolution
		{CD683B3C-BEE2-4B59-9610-328B68DE19A8}.Debug|x64.ActiveCfg = Debug|x64
		{CD683B3C-BEE2-4B59-9610-328B68DE19A8}.Debug|x64.Build.0 = Debug|x64
		{CD683B3C-BEE2-4B59-9610-328B68DE19A8}.Debug|x86.ActiveCfg = Debug|Win32
		{CD683B3C-BEE2-4B59-9610-328B68DE19A8}.Debug|x86.Build.0 = Debug|Win32
		{CD683B3C-BEE2-4B59-9610-328B68DE19A8}.Release|x64.ActiveCfg = Release|x64
		{CD683B3C-BEE2-4B59-9610-328B68DE19A8}.Release|x64.Build.0 = Release|x64
		{CD683B3C-BEE2-4B59-9610-328B68DE19A8}.Release|x86.ActiveCfg = Release|Win32
		{CD683B3C-BEE2-4B59-9610-328B68DE19A8}.Release|x86.Build.0 = Release|Win32
		{43BD6BB1-F61B-4C7E-B23B-F2D84CD21336}.Debug|x64.ActiveCfg = Debug|x64
		{43BD6BB1-F61B-4C7E-B23B-F2D84CD21336}.Debug|x64.Build.0 = Debug|x64
		{43BD6BB1-F61B-4C7E-B23B-F2D84CD21336}.Debug|x86.ActiveCfg = Debug|Win32
		{43BD6BB1-F61B-4C7E-B23B-F2D84CD21336}.Debug|x86.Build.0 = Debug|Win32
		{43BD6BB1-F61B-4C7E-B23B-F2D84CD21336}.Release|x64.ActiveCfg = Release|x64
		{43BD6BB1-F61B-4C7E-B23B-F2D84CD21336}.Release|x64.Build.0 = Release|x64
		{43BD6BB1-F61B-4C7E-B23B-F2D84CD21336}.Release|x86.ActiveCfg = Release|Win32
		{43BD6BB1-F61B-4C7E-B23B-F2D84CD21336}.Release|x86.Build.0 = Release|Win32
		{B0C0BA5E-1963-4636-A533-28C7B896B29D}.Debug|x64.ActiveCfg = Debug|x64
		{B0C0BA5E-1963-4636-A533-28C7B896B29D}.Debug|x64.Build.0 = Debug|x64
		{B0C0BA5E-1963-4636-A533-28C7B896B29D}.Debug|x86.ActiveCfg = Debug|Win32
		{B0C0BA5E-1963-4636-A533-28C7B896B29D}.Debug|x86.Build.0 = Debug|Win32
		{B0C0BA5E-1963-4636-A533-28C7B896B29D}.Release|x64.ActiveCfg = Release|x64
		{B0C0BA5E-1963-4636-A533-28C7B896B29D}.Release|x64.Build.0 = Release|x64
		{B0C0BA5E-1963-4636-A533-28C7B896B29D}.Release|x86.ActiveCfg = Release|Win32
		{B0C0BA5E-1963-4636-A533-28C7B896B29D}.Release|x86.Build.0 = Release|Win32
		{EB19F744-4C3F-4D8E-86CD-4600237CDE04}.Debug|x64.ActiveCfg = Debug|x64
		{EB19F744-4C3F-4D8E-86CD-4600237CDE04}.Debug|x64.Build.0 = Debug|x64
		{EB19F744-4C3F-4D8E-86CD-4600237CDE04}.Debug|x86.ActiveCfg = Debug|Win32
		{EB19F744-4C3F-4D8E-86CD-4600237CDE04}.Debug|x86.Build.0 = Debug|Win32
		{EB19F744-4C3F-4D8E-86CD-4600237CDE04}.Release|x64.ActiveCfg = Release|x64
		{EB19F744-4C3F-4D8E-86CD-4600237CDE04}.Release|x64.Build.0 = Release|x64
		{EB19F744-4C3F-4D8E-86CD-4600237CDE04}.Release|x86.ActiveCfg = Release|Win32
		{EB19F744-4C3F-4D8E-86CD-4600237CDE04}.Release|x86.Build.0 = Release|Win32
		{DC1F31CC-6401-442A-9406-33D133882822}.Debug|x64.ActiveCfg = Debug|x64
		{DC1F31CC-6401-442A-9406-33D133882822}.Debug|x64.Build.0 = Debug|x64
		{DC1F31CC-6401-442A-9406-33D133882822}.Debug|x86.ActiveCfg = Debug|Win32
		{DC1F31CC-6401-442A-9406-33D133882822}.Debug|x86.Build.0 = Debug|Win32
		{DC1F31CC-6401-442A-9406-33D133882822}.Release|x64.ActiveCfg = Release|x64
		{DC1F31CC-6401-442A-9406-33D133882822}.Release|x64.Build.0 = Release|x64
		{DC1F31CC-6401-442A-9406-33D133882822}.Release|x86.ActiveCfg = Release|Win32
		{DC1F31CC-6401-442A-9406-33D133882822}.Release|x86.Build.0 = Release|Win32
		{062281EE-5662-44C1-8B7A-E57A84119CBB}.Debug|x64.ActiveCfg = Debug|x64
		{062281EE-5662-44C1-8B7A-E57A84119CBB}.Debug|x64.Build.0 = Debug|x64
		{062281EE-5662-44C1-8B7A-E57A84119CBB}.Debug|x86.ActiveCfg = Debug|Win32
		{062281EE-5662-44C1-8B7A-E57A84119CBB}.Debug|x86.Build.0 = Debug|Win32
		{062281EE-5662-44C1-8B7A-E57A84119CBB}.Release|x64.ActiveCfg = Release|x64
		{062281EE-5662-44C1-8B7A-E57A84119CBB}.Release|x64.Build.0 = Release|x64
		{062281EE-5662-44C1-8B7A-E57A84119CBB}.Release|x86.ActiveCfg = Release|Win32
		{062281EE-5662-44C1-8B7A-E57A84119CBB}.Release|x86.Build.0 = Release|Win32
		{906DA676-83C6-493E-948A-3C7AE4D32C2A}.Debug|x64.ActiveCfg = Debug|x64
		{906DA676-83C6-493E-948A-3C7AE4D32C2A}.Debug|x64.Build.0 = Debug|x64
		{906DA676-83C6-493E-948A-3C7AE4D32C2A}.Debug|x86.ActiveCfg = Debug|Win32
		{906DA676-83C6-493E-948A-3C7AE4D32C2A}.Debug|x86.Build.0 = Debug|Win32
		{906DA676-83C6-493E-948A-3C7AE4D32C2A}.Release|x64.ActiveCfg = Release|x64
		{906DA676-83C6-493E-948A-3C7AE4D32C2A}.Release|x64.Build.0 = Release|x64
		{906DA676-83C6-493E-948A-3C7AE4D32C2A}.Release|x86.ActiveCfg = Release|Win32
		{906DA676-83C6-493E-948A-3C7AE4D32C2A}.Release|x86.Build.0 = Release|Win32
		{5C999A89-23BA-4812-A4EA-102BF0E58F3D}.Debug|x64.ActiveCfg = Debug|x64
		{5C999A89-23BA-4812-A4EA-102BF0E58F3D}.Debug|x64.Build.0 = Debug|x64
		{5C999A89-23BA-4812-A4EA-102BF0E58F3D}.Debug|x86.ActiveCfg = Debug|Win32
		{5C999A89-23BA-4812-A4EA-102BF0E58F3D}.Debug|x86.Build.0 = Debug|Win32
		{5C999A89-23BA-4812-A4EA-102BF0E58F3D}.Release|x64.ActiveCfg = Release|x64
		{5C999A89-23BA-4812-A4EA-102BF0E58F3D}.Release|x64.Build.0 = Release|x64
		{5C999A89-23BA-4812-A4EA-102BF0E58F3D}.Release|x86.ActiveCfg = Release|Win32
		{5C999A89-23BA-4812-A4EA-102BF0E58F3D}.Release|x86.Build.0 = Release|Win32
		{225C6971-D726-429B-BD8A-54B8B6D2AC3F}.Debug|x64.ActiveCfg = Debug|x64
		{225C6971-D726-429B-BD8A-54B8B6D2AC3F}.Debug|x64.Build.0 = Debug|x64
		{225C6971-D726-429B-BD8A-54B8B6D2AC3F}.Debug|x86.ActiveCfg = Debug|Win32
		{225C6971-D726-429B-BD8A-54B8B6D2AC3F}.Debug|x86.Build.0 = Debug|Win32
		{225C6971-D726-429B-BD8A-54B8B6D2AC3F}.Release|x64.ActiveCfg = Release|x64
		{225C6971-D726-429B-BD8A-54B8B6D2AC3F}.Release|x64.Build.0 = Release|x64
		{225C6971-D726-429B-BD8A-54B8B6D2AC3F}.Release|x86.ActiveCfg = Release|Win32
		{225C6971-D726-429B-BD8A-54B8B6D2AC3F}.Release|x86.Build.0 = Release|Win32
		{BF3E8687-75DE-425B-9C17-8E173361745B}.Debug|x64.ActiveCfg = Debug|x64
		{BF3E8687-75DE-425B-9C17-8E173361745B}.Debug|x64.Build.0 = Debug|x64
		{BF3E8687-75DE-425B-9C17-8E173361745B}.Debug|x86.ActiveCfg = Debug|Win32
		{BF3E8687-75DE-425B-9C17-8E173361745B}.Debug|x86.Build.0 = Debug|Win32
		{BF3E8687-75DE-425B-9C17-8E173361745B}.Release|x64.ActiveCfg = Release|x64
		{BF3E8687-75DE-425B-9C17-8E173361745B}.Release|x64.Build.0 = Release|x64
		{BF3E8687-75DE-425B-9C17-8E173361745B}.Release|x86.ActiveCfg = Release|Win32
		{BF3E8687-75DE-425B-9C17-8E173361745B}.Release|x86.Build.0 = Release|Win32
		{CF1E09DF-B521-42C9-ADFB-F005B88311FC}.Debug|x64.ActiveCfg = Debug|x64
		{CF1E09DF-B521-42C9-ADFB-F005B88311FC}.Debug|x64.Build.0 = Debug|x64
		{CF1E09DF-B521-42C9-ADFB-F005B88311FC}.Debug|x86.ActiveCfg = Debug|Win32
		{CF1E09DF-B521-42C9-ADFB-F005B88311FC}.Debug|x86.Build.0 = Debug|Win32
		{CF1E09DF-B521-42C9-ADFB-F005B88311FC}.Release|x64.ActiveCfg = Release|x64
		{CF1E09DF-B521-42C9-ADFB-F005B88311FC}.Release|x64.Build.0 = Release|x64
		{CF1E09DF-B521-42C9-ADFB-F005B88311FC}.Release|x86.ActiveCfg = Release|Win32
		{CF1E09DF-B521-42C9-ADFB-F005B88311FC}.Release|x86.Build.0 = Release|Win32
		{82B646ED-BE59-4574-BFF6-BB08E97CBD02}.Debug|x64.ActiveCfg = Debug|x64
		{82B646ED-BE59-4574-BFF6-BB08E97CBD02}.Debug|x64.Build.0 = Debug|x64
		{82B646ED-BE59-4574-BFF6-BB08E97CBD02}.Debug|x86.ActiveCfg = Debug|Win32
		{82B646ED-BE59-4574-BFF6-BB08E97CBD02}.Debug|x86.Build.0 = Debug|Win32
		{82B646ED-BE59-4574-BFF6-BB08E97CBD02}.Release|x64.ActiveCfg = Release|x64
		{82B646ED-BE59-4574-BFF6-BB08E97CBD02}.Release|x64.Build.0 = Release|x64
		{82B646ED-BE59-4574-BFF6-BB08E97CBD02}.Release|x86.ActiveCfg = Release|Win32
		{82B646ED-BE59-4574-BFF6-BB08E97CBD02}.Release|x86.Build.0 = Release|Win32
		{885D0178-D18F-46E8-9398-58EEEBEC42E2}.Debug|x64.ActiveCfg = Debug|x64
		{885D0178-D18F-46E8-9398-58EEEBEC42E2}.Debug|x64.Build.0 = Debug|x64
		{885D0178-D18F-46E8-9398-58EEEBEC42E2}.Debug|x86.ActiveCfg = Debug|Win32
		{885D0178-D18F-46E8-9398-58EEEBEC42E2}.Debug|x86.Build.0 = Debug|Win32
		{885D0178-D18F-46E8-9398-58EEEBEC42E2}.Release|x64.ActiveCfg = Release|x64
		{885D0178-D18F-46E8-9398-58EEEBEC42E2}.Release|x64.Build.0 = Release|x64
		{885D0178-D18F-46E8-9398-58EEEBEC42E2}.Release|x86.ActiveCfg = Release|Win32
		{885D0178-D18F-46E8-9398-58EEEBEC42E2}.Release|x86.Build.0 = Release|Win32
		{87792016-0A9D-42DB-AB73-1A007A4F24B1}.Debug|x64.ActiveCfg = Debug|x64
		{87792016-0A9D-42DB-AB73-1A007A4F24B1}.Debug|x64.Build.0 = Debug|x64
		{87792016-0A9D-42DB-AB73-1A007A4F24B1}.Debug|x86.ActiveCfg = Debug|Win32
		{87792016-0A9D-42DB-AB73-1A007A4F24B1}.Debug|x86.Build.0 = Debug|Win32
		{87792016-0A9D-42DB-AB73-1A007A4F24B1}.Release|x64.ActiveCfg = Release|x64
		{87792016-0A9D-42DB-AB73-1A007A4F24B1}.Release|x64.Build.0 = Release|x64
		{87792016-0A9D-42DB-AB73-1A007A4F24B1}.Release|x86.ActiveCfg = Release|Win32
		{87792016-0A9D-42DB-AB73-1A007A4F24B1}.Release|x86.Build.0 = Release|Win32
		{B72CB342-94AD-43D5-B9F7-D6BF92E39D23}.Debug|x64.ActiveCfg = Debug|x64
		{B72CB342-94AD-43D5-B9F7-D6BF92E39D23}.Debug|x64.Build.0 = Debug|x64
		{B72CB342-94AD-43D5-B9F7-D6BF92E39D23}.Debug|x86.ActiveCfg = Debug|Win32
		{B72CB342-94AD-43D5-B9F7-D6BF92E39D23}.Debug|x86.Build.0 = Debug|Win32
		{B72CB342-94AD-43D5-B9F7-D6BF92E39D23}.Release|x64.ActiveCfg = Release|x64
		{B72CB342-94AD-43D5-B9F7-D6BF92E39D23}.Release|x64.Build.0 = Release|x64
		{B72CB342-94AD-43D5-B9F7-D6BF92E39D23}.Release|x86.ActiveCfg = Release|Win32
		{B72CB342-94AD-43D5-B9F7-D6BF92E39D23}.Release|x86.Build.0 = Release|Win32
		{8A6E979A-3177-4124-826D-8B8CD3BD773C}.Debug|x64.ActiveCfg = Debug|x64
		{8A6E979A-3177-4124-826D-8B8CD3BD773C}.Debug|x64.Build.0 = Debug|x64
		{8A6E979A-3177-4124-826D-8B8CD3BD773C}.Debug|x86.ActiveCfg = Debug|Win32
		{8A6E979A-3177-4124-826D-8B8CD3BD773C}.Debug|x86.Build.0 = Debug|Win32
		{8A6E979A-3177-4124-826D-8B8CD3BD773C}.Release|x64.ActiveCfg = Release|x64
		{8A6E979A-3177-4124-826D-8B8CD3BD773C}.Release|x64.Build.0 = Release|x64
		{8A6E979A-3177-4124-826D-8B8CD3BD773C}.Release|x86.ActiveCfg = Release|Win32
		{8A6E979A-3177-4124-826D-8B8CD3BD773C}.Release|x86.Build.0 = Release|Win32
		{6D608A5D-B734-48A9-9E00-71F7AB04CFF9}.Debug|x64.ActiveCfg = Debug|x64
		{6D608A5D-B734-48A9-9E00-71F7AB04CFF9}.Debug|x64.Build.0 = Debug|x64
		{6D608A5D-B734-48A9-9E00-71F7AB04CFF9}.Debug|x86.ActiveCfg = Debug|Win32
		{6D608A5D-B734-48A9-9E00-71F7AB04CFF9}.Debug|x86.Build.0 = Debug|Win32
		{6D608A5D-B734-48A9-9E00-71F7AB04CFF9}.Release|x64.ActiveCfg = Release|x64
		{6D608A5D-B734-48A9-9E00-71F7AB04CFF9}.Release|x64.Build.0 = Release|x64
		{6D608A5D-B734-48A9-9E00-71F7AB04CFF9}.Release|x86.ActiveCfg = Release|Win32
		{6D608A5D-B734-48A9-9E00-71F7AB04CFF9}.Release|x86.Build.0 = Release|Win32
		{AF866FE3-C660-46D2-BA49-1671AA599343}.Debug|x64.ActiveCfg = Debug|x64
		{AF866FE3-C660-46D2-BA49-1671AA599343}.Debug|x64.Build.0 = Debug|x64
		{AF866FE3-C660-46D2-BA49-1671AA599343}.Debug|x86.ActiveCfg = Debug|Win32
		{AF866FE3-C660-46D2-BA49-1671AA599343}.Debug|x86.Build.0 = Debug|Win32
		{AF866FE3-C660-46D2-BA49-1671AA599343}.Release|x64.ActiveCfg = Release|x64
		{AF866FE3-C660-46D2-BA49-1671AA599343}.Release|x64.Build.0 = Release|x64
		{AF866FE3-C660-46D2-BA49-1671AA599343}.Release|x86.ActiveCfg = Release|Win32
		{AF866FE3-C660-46D2-BA49-1671AA599343}.Release|x86.Build.0 = Release|Win32
		{F014E131-3056-40FD-B426-FB805AD22D90}.Debug|x64.ActiveCfg = Debug|x64
		{F014E131-3056-40FD-B426-FB805AD22D90}.Debug|x64.Build.0 = Debug|x64
		{F014E131-3056-40FD-B426-FB805AD22D90}.Debug|x86.ActiveCfg = Debug|Win32
		{F014E131-3056-40FD-B426-FB805AD22D90}.Debug|x86.Build.0 = Debug|Win32
		{F014E131-3056-40FD-B426-FB805AD22D90}.Release|x64.ActiveCfg = Release|x64
		{F014E131-3056-40FD-B426-FB805AD22D90}.Release|x64.Build.0 = Release|x64
		{F014E131-3056-40FD-B426-FB805AD22D90}.Release|x86.ActiveCfg = Release|Win32
		{F014E131-3056-40FD-B426-FB805AD22D90}.Release|x86.Build.0 = Release|Win32
		{2C3C2C74-3A5B-4AEE-B32C-BBBCD59AB036}.Debug|x64.ActiveCfg = Debug|x64
		{2C3C2C74-3A5B-4AEE-B32C-BBBCD59AB036}.Debug|x64.Build.0 = Debug|x64
		{2C3C2C74-3A5B-4AEE-B32C-BBBCD59AB036}.Debug|x86.ActiveCfg = Debug|Win32
		{2C3C2C74-3A5B-4AEE-B32C-BBBCD59AB036}.Debug|x86.Build.0 = Debug|Win32
		{2C3C2C74-3A5B-4AEE-B32C-BBBCD59AB036}.Release|x64.ActiveCfg = Release|x64
		{2C3C2C74-3A5B-4AEE-B32C-BBBCD59AB036}.Release|x64.Build.0 = Release|x64
		{2C3C2C74-3A5B-4AEE-B32C-BBBCD59AB036}.Release|x86.ActiveCfg = Release|Win32
		{2C3C2C74-3A5B-4AEE-B32C-BBBCD59AB036}.Release|x86.Build.0 = Release|Win32
		{EBC8002F-E53D-4097-B2C7-D0FC2A1F32A6}.Debug|x64.ActiveCfg = Debug|x64
		{EBC8002F-E53D-4097-B2C7-D0FC2A1F32A6}.Debug|x64.Build.0 = Debug|x64
		{EBC8002F-E53D-4097-B2C7-D0FC2A1F32A6}.Debug|x86.ActiveCfg = Debug|Win32
		{EBC8002F-E53D-4097-B2C7-D0FC2A1F32A6}.Debug|x86.Build.0 = Debug|Win32
		{EBC8002F-E53D-4097-B2C7-D0FC2A1F32A6}.Release|x64.ActiveCfg = Release|x64
		{EBC8002F-E53D-4097-B2C7-D0FC2A1F32A6}.Release|x64.Build.0 = Release|x64
		{EBC8002F-E53D-4097-B2C7-D0FC2A1F32A6}.Release|x86.ActiveCfg = Release|Win32
		{EBC8002F-E53D-4097-B2C7-D0FC2A1F32A6}.Release|x86.Build.0 = Release|Win32
		{4870FE36-412A-4A46-9EE8-E4E5DFA0779E}.Debug|x64.ActiveCfg = Debug|x64
		{4870FE36-412A-4A46-9EE8-E4E5DFA0779E}.Debug|x64.Build.0 = Debug|x64
		{4870FE36-412A-4A46-9EE8-E4E5DFA0779E}.Debug|x86.ActiveCfg = Debug|Win32
		{4870FE36-412A-4A46-9EE8-E4E5DFA0779E}.Debug|x86.Build.0 = Debug|Win32
		{4870FE36-412A-4A46-9EE8-E4E5DFA0779E}.Release|x64.ActiveCfg = Release|x64
		{4870FE36-412A-4A46-9EE8-E4E5DFA0779E}.Release|x64.Build.0 = Release|x64
		{4870FE36-412A-4A46-9EE8-E4E5DFA0779E}.Release|x86.ActiveCfg = Release|Win32
		{4870FE36-412A-4A46-9EE8-E4E5DFA0779E}.Release|x86.Build.0 = Release|Win32
		{DD2945F9-5718-4826-994E-64D99FB3DF0F}.Debug|x64.ActiveCfg = Debug|x64
		{DD2945F9-5718-4826-994E-64D99FB3DF0F}.Debug|x64.Build.0 = Debug|x64
		{DD2945F9-5718-4826-994E-64D99FB3DF0F}.Debug|x86.ActiveCfg = Debug|Win32
		{DD2945F9-5718-4826-994E-64D99FB3DF0F}.Debug|x86.Build.0 = Debug|Win32
		{DD2945F9-5718-4826-994E-64D99FB3DF0F}.Release|x64.ActiveCfg = Release|x64
		{DD2945F9-5718-4826-994E-64D99FB3DF0F}.Release|x64.Build.0 = Release|x64
		{DD2945F9-5718-4826-994E-64D99FB3DF0F}.Release|x86.ActiveCfg = Release|Win32
		{DD2945F9-5718-4826-994E-64D99FB3DF0F}.Release|x86.Build.0 = Release|Win32
		{9DDEE4BA-9C2C-4F30-97E6-A134C1BD307D}.Debug|x64.ActiveCfg = Debug|x64
		{9DDEE4BA-9C2C-4F30-97E6-A134C1BD307D}.Debug|x64.Build.0 = Debug|x64
		{9DDEE4BA-9C2C-4F30-97E6-A134C1BD307D}.Debug|x86.ActiveCfg = Debug|Win32
		{9DDEE4BA-9C2C-4F30-97E6-A134C1BD307D}.Debug|x86.Build.0 = Debug|Win32
		{9DDEE4BA-9C2C-4F30-97E6-A134C1BD307D}.Release|x64.ActiveCfg = Release|x64
		{9DDEE4BA-9C2C-4F30-97E6-A134C1BD307D}.Release|x64.Build.0 = Release|x64
		{9DDEE4BA-9C2C-4F30-97E6-A134C1BD307D}.Release|x86.ActiveCfg = Release|Win32
		{9DDEE4BA-9C2C-4F30-97E6-A134C1BD307D}.Release|x86.Build.0 = Release|Win32
		{EB37BCE3-68B0-45D8-A7AA-48A494CBCB5A}.Debug|x64.ActiveCfg = Debug|x64
		{EB37BCE3-68B0-45D8-A7AA-48A494CBCB5A}.Debug|x64.Build.0 = Debug|x64
		{EB37BCE3-68B0-45D8-A7AA-48A494CBCB5A}.Debug|x86.ActiveCfg = Debug|Win32
		{EB37BCE3-68B0-45D8-A7AA-48A494CBCB5A}.Debug|x86.Build.0 = Debug|Win32
		{EB37BCE3-68B0-45D8-A7AA-48A494CBCB5A}.Release|x64.ActiveCfg = Release|x64
		{EB37BCE3-68B0-45D8-A7AA-48A494CBCB5A}.Release|x64.Build.0 = Release|x64
		{EB37BCE3-68B0-45D8-A7AA-48A494CBCB5A}.Release|x86.ActiveCfg = Release|Win32
		{EB37BCE3-68B0-45D8-A7AA-48A494CBCB5A}.Release|x86.Build.0 = Release|Win32
		{C559E1DE-C1E6-4B95-989E-034E51C7E49A}.Debug|x64.ActiveCfg = Debug|x64
		{C559E1DE-C1E6-4B95-989E-034E51C7E49A}.Debug|x64.Build.0 = Debug|x64
		{C559E1DE-C1E6-4B95-989E-034E51C7E49A}.Debug|x86.ActiveCfg = Debug|Win32
		{C559E1DE-C1E6-4B95-989E-034E51C7E49A}.Debug|x86.Build.0 = Debug|Win32
		{C559E1DE-C1E6-4B95-989E-034E51C7E49A}.Release|x64.ActiveCfg = Release|x64
		{C559E1DE-C1E6-4B95-989E-034E51C7E49A}.Release|x64.Build.0 = Release|x64
		{C559E1DE-C1E6-4B95-989E-034E51C7E49A}.Release|x86.ActiveCfg = Release|Win32
		{C559E1DE-C1E6-4B95-989E-034E51C7E49A}.Release|x86.Build.0 = Release|Win32
		{FBEE9AF3-59B5-473A-8CC2-AB5FFB5520F6}.Debug|x64.ActiveCfg = Debug|x64
		{FBEE9AF3-59B5-473A-8CC2-AB5FFB5520F6}.Debug|x64.Build.0 = Debug|x64
		{FBEE9AF3-59B5-473A-8CC2-AB5FFB5520F6}.Debug|x86.ActiveCfg = Debug|Win32
		{FBEE9AF3-59B5-473A-8CC2-AB5FFB5520F6}.Debug|x86.Build.0 = Debug|Win32
		{FBEE9AF3-59B5-473A-8CC2-AB5FFB5520F6}.Release|x64.ActiveCfg = Release|x64
		{FBEE9AF3-59B5-473A-8CC2-AB5FFB5520F6}.Release|x64.Build.0 = Release|x64
		{FBEE9AF3-59B5-473A-8CC2-AB5FFB5520F6}.Release|x86.ActiveCfg = Release|Win32
		{FBEE9AF3-59B5-473A-8CC2-AB5FFB5520F6}.Release|x86.Build.0 = Release|Win32
		{A8572069-B100-4529-B183-CF6B08146F08}.Debug|x64.ActiveCfg = Debug|x64
		{A8572069-B100-4529-B183-CF6B08146F08}.Debug|x64.Build.0 = Debug|x64
		{A8572069-B100-4529-B183-CF6B08146F08}.Debug|x86.ActiveCfg = Debug|Win32
		{A8572069-B100-4529-B183-CF6B08146F08}.Debug|x86.Build.0 = Debug|Win32
		{A8572069-B100-4529-B183-CF6B08146F08}.Release|x64.ActiveCfg = Release|x64
		{A8572069-B100-4529-B183-CF6B08146F08}.Release|x64.Build.0 = Release|x64
		{A8572069-B100-4529-B183-CF6B08146F08}.Release|x86.ActiveCfg = Release|Win32
		{A8572069-B100-4529-B183-CF6B08146F08}.Release|x86.Build.0 = Release|Win32
		{B95B62EE-DF4C-4B98-9B35-3F10C58277F8}.Debug|x64.ActiveCfg = Debug|x64
		{B95B62EE-DF4C-4B98-9B35-3F10C58277F8}.Debug|x64.Build.0 = Debug|x64
		{B95B62EE-DF4C-4B98-9B35-3F10C58277F8}.Debug|x86.ActiveCfg = Debug|Win32
		{B95B62EE-DF4C-4B98-9B35-3F10C58277F8}.Debug|x86.Build.0 = Debug|Win32
		{B95B62EE-DF4C-4B98-9B35-3F10C58277F8}.Release|x64.ActiveCfg = Release|x64
		{B95B62EE-DF4C-4B98-9B35-3F10C58277F8}.Release|x64.Build.0 = Release|x64
		{B95B62EE-DF4C-4B98-9B35-3F10C58277F8}.Release|x86.ActiveCfg = Release|Win32
		{B95B62EE-DF4C-4B98-9B35-3F10C58277F8}.Release|x86.Build.0 = Release|Win32
		{18BB7805-53B0-4D3B-BB23-6ED53B834594}.Debug|x64.ActiveCfg = Debug|x64
		{18BB7805-53B0-4D3B-BB23-6ED53B834594}.Debug|x64.Build.0 = Debug|x64
		{18BB7805-53B0-4D3B-BB23-6ED53B834594}.Debug|x86.ActiveCfg = Debug|Win32
		{18BB7805-53B0-4D3B-BB23-6ED53B834594}.Debug|x86.Build.0 = Debug|Win32
		{18BB7805-53B0-4D3B-BB23-6ED53B834594}.Release|x64.ActiveCfg = Release|x64
		{18BB7805-53B0-4D3B-BB23-6ED53B834594}.Release|x64.Build.0 = Release|x64
		{18BB7805-53B0-4D3B-BB23-6ED53B834594}.Release|x86.ActiveCfg = Release|Win32
		{18BB7805-53B0-4D3B-BB23-6ED53B834594}.Release|x86.Build.0 = Release|Win32
		{4AAC1C08-71EB-407F-956C-01F860F4FAAA}.Debug|x64.ActiveCfg = Debug|x64
		{4AAC1C08-71EB-407F-956C-01F860F4FAAA}.Debug|x64.Build.0 = Debug|x64
		{4AAC1C08-71EB-407F-956C-01F860F4FAAA}.Debug|x86.ActiveCfg = Debug|Win32
		{4AAC1C08-71EB-407F-956C-01F860F4FAAA}.Debug|x86.Build.0 = Debug|Win32
		{4AAC1C08-71EB-407F-956C-01F860F4FAAA}.Release|x64.ActiveCfg = Release|x64
		{4AAC1C08-71EB-407F-956C-01F860F4FAAA}.Release|x64.Build.0 = Release|x64
		{4AAC1C08-71EB-407F-956C-01F860F4FAAA}.Release|x86.ActiveCfg = Release|Win32
		{4AAC1C08-71EB-407F-956C-01F860F4FAAA}.Release|x86.Build.0 = Release|Win32
		{DD8C6B6E-F791-4F81-88EE-361156FF4482}.Debug|x64.ActiveCfg = Debug|x64
		{DD8C6B6E-F791-4F81-88EE-361156FF4482}.Debug|x64.Build.0 = Debug|x64
		{DD8C6B6E-F791-4F81-88EE-361156FF4482}.Debug|x86.ActiveCfg = Debug|Win32
		{DD8C6B6E-F791-4F81-88EE-361156FF4482}.Debug|x86.Build.0 = Debug|Win32
		{DD8C6B6E-F791-4F81-88EE-361156FF4482}.Release|x64.ActiveCfg = Release|x64
		{DD8C6B6E-F791-4F81-88EE-361156FF4482}.Release|x64.Build.0 = Release|x64
		{DD8C6B6E-F791-4F81-88EE-361156FF4482}.Release|x86.ActiveCfg = Release|Win32
		{DD8C6B6E-F791-4F81-88EE-361156FF4482}.Release|x86.Build.0 = Release|Win32
		{9040983B-DAA3-4185-B80A-A29AC1F349C9}.Debug|x64.ActiveCfg = Debug|x64
		{9040983B-DAA3-4185-B80A-A29AC1F349C9}.Debug|x64.Build.0 = Debug|x64
		{9040983B-DAA3-4185-B80A-A29AC1F349C9}.Debug|x86.ActiveCfg = Debug|Win32
		{9040983B-DAA3-4185-B80A-A29AC1F349C9}.Debug|x86.Build.0 = Debug|Win32
		{9040983B-DAA3-4185-B80A-A29AC1F349C9}.Release|x64.ActiveCfg = Release|x64
		{9040983B-DAA3-4185-B80A-A29AC1F349C9}.Release|x64.Build.0 = Release|x64
		{9040983B-DAA3-4185-B80A-A29AC1F349C9}.Release|x86.ActiveCfg = Release|Win32
		{9040983B-DAA3-4185-B80A-A29AC1F349C9}.Release|x86.Build.0 = Release|Win32
	EndGlobalSection
	GlobalSection(SolutionProperties) = preSolution
		HideSolutionNode = FALSE
	EndGlobalSection
	GlobalSection(ExtensibilityGlobals) = postSolution
		SolutionGuid = {69E03889-4596-475A-8717-9433D861241E}
	EndGlobalSection
EndGlobal
