
Microsoft Visual Studio Solution File, Format Version 12.00
# Visual Studio Version 16
VisualStudioVersion = 16.0.30503.244
MinimumVisualStudioVersion = 10.0.40219.1
Project("{8BC9CEB8-8B4A-11D0-8D11-00A0C91BC942}") = "binarySearch", "binarySearch\binarySearch.vcxproj", "{CD683B3C-BEE2-4B59-9610-328B68DE19A8}"
EndProject
Project("{8BC9CEB8-8B4A-11D0-8D11-00A0C91BC942}") = "permutation", "permutation\permutation.vcxproj", "{43BD6BB1-F61B-4C7E-B23B-F2D84CD21336}"
EndProject
Project("{8BC9CEB8-8B4A-11D0-8D11-00A0C91BC942}") = "hanoiTower", "hanoiTower\hanoiTower.vcxproj", "{B0C0BA5E-1963-4636-A533-28C7B896B29D}"
EndProject
Project("{8BC9CEB8-8B4A-11D0-8D11-00A0C91BC942}") = "selectionSort", "selectionSort\selectionSort.vcxproj", "{EB19F744-4C3F-4D8E-86CD-4600237CDE04}"
EndProject
Project("{8BC9CEB8-8B4A-11D0-8D11-00A0C91BC942}") = "pibonacchi", "pibonacchi\pibonacchi.vcxproj", "{DC1F31CC-6401-442A-9406-33D133882822}"
EndProject
Project("{8BC9CEB8-8B4A-11D0-8D11-00A0C91BC942}") = "matrix", "matrix\matrix.vcxproj", "{062281EE-5662-44C1-8B7A-E57A84119CBB}"
EndProject
Project("{8BC9CEB8-8B4A-11D0-8D11-00A0C91BC942}") = "day2", "day2\day2.vcxproj", "{906DA676-83C6-493E-948A-3C7AE4D32C2A}"
EndProject
Global
	GlobalSection(SolutionConfigurationPlatforms) = preSolution
		Debug|x64 = Debug|x64
		Debug|x86 = Debug|x86
		Release|x64 = Release|x64
		Release|x86 = Release|x86
	EndGlobalSection
	GlobalSection(ProjectConfigurationPlatforms) = postSolution
		{CD683B3C-BEE2-4B59-9610-328B68DE19A8}.Debug|x64.ActiveCfg = Debug|x64
		{CD683B3C-BEE2-4B59-9610-328B68DE19A8}.Debug|x64.Build.0 = Debug|x64
		{CD683B3C-BEE2-4B59-9610-328B68DE19A8}.Debug|x86.ActiveCfg = Debug|Win32
		{CD683B3C-BEE2-4B59-9610-328B68DE19A8}.Debug|x86.Build.0 = Debug|Win32
		{CD683B3C-BEE2-4B59-9610-328B68DE19A8}.Release|x64.ActiveCfg = Release|x64
		{CD683B3C-BEE2-4B59-9610-328B68DE19A8}.Release|x64.Build.0 = Release|x64
		{CD683B3C-BEE2-4B59-9610-328B68DE19A8}.Release|x86.ActiveCfg = Release|Win32
		{CD683B3C-BEE2-4B59-9610-328B68DE19A8}.Release|x86.Build.0 = Release|Win32
		{43BD6BB1-F61B-4C7E-B23B-F2D84CD21336}.Debug|x64.ActiveCfg = Debug|x64
		{43BD6BB1-F61B-4C7E-B23B-F2D84CD21336}.Debug|x64.Build.0 = Debug|x64
		{43BD6BB1-F61B-4C7E-B23B-F2D84CD21336}.Debug|x86.ActiveCfg = Debug|Win32
		{43BD6BB1-F61B-4C7E-B23B-F2D84CD21336}.Debug|x86.Build.0 = Debug|Win32
		{43BD6BB1-F61B-4C7E-B23B-F2D84CD21336}.Release|x64.ActiveCfg = Release|x64
		{43BD6BB1-F61B-4C7E-B23B-F2D84CD21336}.Release|x64.Build.0 = Release|x64
		{43BD6BB1-F61B-4C7E-B23B-F2D84CD21336}.Release|x86.ActiveCfg = Release|Win32
		{43BD6BB1-F61B-4C7E-B23B-F2D84CD21336}.Release|x86.Build.0 = Release|Win32
		{B0C0BA5E-1963-4636-A533-28C7B896B29D}.Debug|x64.ActiveCfg = Debug|x64
		{B0C0BA5E-1963-4636-A533-28C7B896B29D}.Debug|x64.Build.0 = Debug|x64
		{B0C0BA5E-1963-4636-A533-28C7B896B29D}.Debug|x86.ActiveCfg = Debug|Win32
		{B0C0BA5E-1963-4636-A533-28C7B896B29D}.Debug|x86.Build.0 = Debug|Win32
		{B0C0BA5E-1963-4636-A533-28C7B896B29D}.Release|x64.ActiveCfg = Release|x64
		{B0C0BA5E-1963-4636-A533-28C7B896B29D}.Release|x64.Build.0 = Release|x64
		{B0C0BA5E-1963-4636-A533-28C7B896B29D}.Release|x86.ActiveCfg = Release|Win32
		{B0C0BA5E-1963-4636-A533-28C7B896B29D}.Release|x86.Build.0 = Release|Win32
		{EB19F744-4C3F-4D8E-86CD-4600237CDE04}.Debug|x64.ActiveCfg = Debug|x64
		{EB19F744-4C3F-4D8E-86CD-4600237CDE04}.Debug|x64.Build.0 = Debug|x64
		{EB19F744-4C3F-4D8E-86CD-4600237CDE04}.Debug|x86.ActiveCfg = Debug|Win32
		{EB19F744-4C3F-4D8E-86CD-4600237CDE04}.Debug|x86.Build.0 = Debug|Win32
		{EB19F744-4C3F-4D8E-86CD-4600237CDE04}.Release|x64.ActiveCfg = Release|x64
		{EB19F744-4C3F-4D8E-86CD-4600237CDE04}.Release|x64.Build.0 = Release|x64
		{EB19F744-4C3F-4D8E-86CD-4600237CDE04}.Release|x86.ActiveCfg = Release|Win32
		{EB19F744-4C3F-4D8E-86CD-4600237CDE04}.Release|x86.Build.0 = Release|Win32
		{DC1F31CC-6401-442A-9406-33D133882822}.Debug|x64.ActiveCfg = Debug|x64
		{DC1F31CC-6401-442A-9406-33D133882822}.Debug|x64.Build.0 = Debug|x64
		{DC1F31CC-6401-442A-9406-33D133882822}.Debug|x86.ActiveCfg = Debug|Win32
		{DC1F31CC-6401-442A-9406-33D133882822}.Debug|x86.Build.0 = Debug|Win32
		{DC1F31CC-6401-442A-9406-33D133882822}.Release|x64.ActiveCfg = Release|x64
		{DC1F31CC-6401-442A-9406-33D133882822}.Release|x64.Build.0 = Release|x64
		{DC1F31CC-6401-442A-9406-33D133882822}.Release|x86.ActiveCfg = Release|Win32
		{DC1F31CC-6401-442A-9406-33D133882822}.Release|x86.Build.0 = Release|Win32
		{062281EE-5662-44C1-8B7A-E57A84119CBB}.Debug|x64.ActiveCfg = Debug|x64
		{062281EE-5662-44C1-8B7A-E57A84119CBB}.Debug|x64.Build.0 = Debug|x64
		{062281EE-5662-44C1-8B7A-E57A84119CBB}.Debug|x86.ActiveCfg = Debug|Win32
		{062281EE-5662-44C1-8B7A-E57A84119CBB}.Debug|x86.Build.0 = Debug|Win32
		{062281EE-5662-44C1-8B7A-E57A84119CBB}.Release|x64.ActiveCfg = Release|x64
		{062281EE-5662-44C1-8B7A-E57A84119CBB}.Release|x64.Build.0 = Release|x64
		{062281EE-5662-44C1-8B7A-E57A84119CBB}.Release|x86.ActiveCfg = Release|Win32
		{062281EE-5662-44C1-8B7A-E57A84119CBB}.Release|x86.Build.0 = Release|Win32
		{906DA676-83C6-493E-948A-3C7AE4D32C2A}.Debug|x64.ActiveCfg = Debug|x64
		{906DA676-83C6-493E-948A-3C7AE4D32C2A}.Debug|x64.Build.0 = Debug|x64
		{906DA676-83C6-493E-948A-3C7AE4D32C2A}.Debug|x86.ActiveCfg = Debug|Win32
		{906DA676-83C6-493E-948A-3C7AE4D32C2A}.Debug|x86.Build.0 = Debug|Win32
		{906DA676-83C6-493E-948A-3C7AE4D32C2A}.Release|x64.ActiveCfg = Release|x64
		{906DA676-83C6-493E-948A-3C7AE4D32C2A}.Release|x64.Build.0 = Release|x64
		{906DA676-83C6-493E-948A-3C7AE4D32C2A}.Release|x86.ActiveCfg = Release|Win32
		{906DA676-83C6-493E-948A-3C7AE4D32C2A}.Release|x86.Build.0 = Release|Win32
	EndGlobalSection
	GlobalSection(SolutionProperties) = preSolution
		HideSolutionNode = FALSE
	EndGlobalSection
	GlobalSection(ExtensibilityGlobals) = postSolution
		SolutionGuid = {69E03889-4596-475A-8717-9433D861241E}
	EndGlobalSection
EndGlobal
